{
  "name": "@workspace/integrations-openai-ai-server",
  "version": "0.0.0",
  "lockfileVersion": 3,
  "requires": true,
  "packages": {
    "": {
      "name": "@workspace/integrations-openai-ai-server",
      "version": "0.0.0",
      "dependencies": {
        "openai": "^6.27.0",
        "p-limit": "^7.3.0",
        "p-retry": "^7.1.1"
      }
    },
    "../../node_modules/.pnpm/openai@6.34.0_ws@8.20.0_zod@4.3.6/node_modules/openai": {
      "version": "6.34.0",
      "license": "Apache-2.0",
      "bin": {
        "openai": "bin/cli"
      },
      "peerDependencies": {
        "ws": "^8.18.0",
        "zod": "^3.25 || ^4.0"
      },
      "peerDependenciesMeta": {
        "ws": {
          "optional": true
        },
        "zod": {
          "optional": true
        }
      }
    },
    "../../node_modules/.pnpm/p-limit@7.3.0/node_modules/p-limit": {
      "version": "7.3.0",
      "license": "MIT",
      "dependencies": {
        "yocto-queue": "^1.2.1"
      },
      "devDependencies": {
        "ava": "^6.4.1",
        "in-range": "^3.0.0",
        "random-int": "^3.0.0",
        "time-span": "^5.1.0",
        "tsd": "^0.33.0",
        "xo": "^1.2.1"
      },
      "engines": {
        "node": ">=20"
      },
      "funding": {
        "url": "https://github.com/sponsors/sindresorhus"
      }
    },
    "../../node_modules/.pnpm/p-retry@7.1.1/node_modules/p-retry": {
      "version": "7.1.1",
      "license": "MIT",
      "dependencies": {
        "is-network-error": "^1.1.0"
      },
      "devDependencies": {
        "ava": "^6.3.0",
        "delay": "^6.0.0",
        "tsd": "^0.32.0",
        "xo": "^0.60.0"
      },
      "engines": {
        "node": ">=20"
      },
      "funding": {
        "url": "https://github.com/sponsors/sindresorhus"
      }
    },
    "node_modules/openai": {
      "resolved": "../../node_modules/.pnpm/openai@6.34.0_ws@8.20.0_zod@4.3.6/node_modules/openai",
      "link": true
    },
    "node_modules/p-limit": {
      "resolved": "../../node_modules/.pnpm/p-limit@7.3.0/node_modules/p-limit",
      "link": true
    },
    "node_modules/p-retry": {
      "resolved": "../../node_modules/.pnpm/p-retry@7.1.1/node_modules/p-retry",
      "link": true
    }
  }
}
